// !$*UTF8*$!
{
	archiveVersion = 1;
	classes = {
	};
	objectVersion = 77;
	objects = {

/* Begin PBXContainerItemProxy section */
		AA07FDF32CF6DE78003E7D44 /* PBXContainerItemProxy */ = {
			isa = PBXContainerItemProxy;
			containerPortal = AA07FDD82CF6DE77003E7D44 /* Project object */;
			proxyType = 1;
			remoteGlobalIDString = AA07FDDF2CF6DE77003E7D44;
			remoteInfo = catememo;
		};
		AA07FDFD2CF6DE78003E7D44 /* PBXContainerItemProxy */ = {
			isa = PBXContainerItemProxy;
			containerPortal = AA07FDD82CF6DE77003E7D44 /* Project object */;
			proxyType = 1;
			remoteGlobalIDString = AA07FDDF2CF6DE77003E7D44;
			remoteInfo = catememo;
		};
/* End PBXContainerItemProxy section */

/* Begin PBXFileReference section */
		AA07FDE02CF6DE77003E7D44 /* catememo.app */ = {isa = PBXFileReference; explicitFileType = wrapper.application; includeInIndex = 0; path = catememo.app; sourceTree = BUILT_PRODUCTS_DIR; };
		AA07FDF22CF6DE78003E7D44 /* catememoTests.xctest */ = {isa = PBXFileReference; explicitFileType = wrapper.cfbundle; includeInIndex = 0; path = catememoTests.xctest; sourceTree = BUILT_PRODUCTS_DIR; };
		AA07FDFC2CF6DE78003E7D44 /* catememoUITests.xctest */ = {isa = PBXFileReference; explicitFileType = wrapper.cfbundle; includeInIndex = 0; path = catememoUITests.xctest; sourceTree = BUILT_PRODUCTS_DIR; };
/* End PBXFileReference section */

/* Begin PBXFileSystemSynchronizedRootGroup section */
		AA07FDE22CF6DE77003E7D44 /* catememo */ = {
			isa = PBXFileSystemSynchronizedRootGroup;
			path = catememo;
			sourceTree = "<group>";
		};
		AA07FDF52CF6DE78003E7D44 /* catememoTests */ = {
			isa = PBXFileSystemSynchronizedRootGroup;
			path = catememoTests;
			sourceTree = "<group>";
		};
		AA07FDFF2CF6DE78003E7D44 /* catememoUITests */ = {
			isa = PBXFileSystemSynchronizedRootGroup;
			path = catememoUITests;
			sourceTree = "<group>";
		};
/* End PBXFileSystemSynchronizedRootGroup section */

/* Begin PBXFrameworksBuildPhase section */
		AA07FDDD2CF6DE77003E7D44 /* Frameworks */ = {
			isa = PBXFrameworksBuildPhase;
			buildActionMask = 2147483647;
			files = (
			);
			runOnlyForDeploymentPostprocessing = 0;
		};
		AA07FDEF2CF6DE78003E7D44 /* Frameworks */ = {
			isa = PBXFrameworksBuildPhase;
			buildActionMask = 2147483647;
			files = (
			);
			runOnlyForDeploymentPostprocessing = 0;
		};
		AA07FDF92CF6DE78003E7D44 /* Frameworks */ = {
			isa = PBXFrameworksBuildPhase;
			buildActionMask = 2147483647;
			files = (
			);
			runOnlyForDeploymentPostprocessing = 0;
		};
/* End PBXFrameworksBuildPhase section */

/* Begin PBXGroup section */
		AA07FDD72CF6DE77003E7D44 = {
			isa = PBXGroup;
			children = (
				AA07FDE22CF6DE77003E7D44 /* catememo */,
				AA07FDF52CF6DE78003E7D44 /* catememoTests */,
				AA07FDFF2CF6DE78003E7D44 /* catememoUITests */,
				AA07FDE12CF6DE77003E7D44 /* Products */,
			);
			sourceTree = "<group>";
		};
		AA07FDE12CF6DE77003E7D44 /* Products */ = {
			isa = PBXGroup;
			children = (
				AA07FDE02CF6DE77003E7D44 /* catememo.app */,
				AA07FDF22CF6DE78003E7D44 /* catememoTests.xctest */,
				AA07FDFC2CF6DE78003E7D44 /* catememoUITests.xctest */,
			);
			name = Products;
			sourceTree = "<group>";
		};
/* End PBXGroup section */

/* Begin PBXNativeTarget section */
		AA07FDDF2CF6DE77003E7D44 /* catememo */ = {
			isa = PBXNativeTarget;
			buildConfigurationList = AA07FE062CF6DE78003E7D44 /* Build configuration list for PBXNativeTarget "catememo" */;
			buildPhases = (
				AA07FDDC2CF6DE77003E7D44 /* Sources */,
				AA07FDDD2CF6DE77003E7D44 /* Frameworks */,
				AA07FDDE2CF6DE77003E7D44 /* Resources */,
			);
			buildRules = (
			);
			dependencies = (
			);
			fileSystemSynchronizedGroups = (
				AA07FDE22CF6DE77003E7D44 /* catememo */,
			);
			name = catememo;
			packageProductDependencies = (
			);
			productName = catememo;
			productReference = AA07FDE02CF6DE77003E7D44 /* catememo.app */;
			productType = "com.apple.product-type.application";
		};
		AA07FDF12CF6DE78003E7D44 /* catememoTests */ = {
			isa = PBXNativeTarget;
			buildConfigurationList = AA07FE092CF6DE78003E7D44 /* Build configuration list for PBXNativeTarget "catememoTests" */;
			buildPhases = (
				AA07FDEE2CF6DE78003E7D44 /* Sources */,
				AA07FDEF2CF6DE78003E7D44 /* Frameworks */,
				AA07FDF02CF6DE78003E7D44 /* Resources */,
			);
			buildRules = (
			);
			dependencies = (
				AA07FDF42CF6DE78003E7D44 /* PBXTargetDependency */,
			);
			fileSystemSynchronizedGroups = (
				AA07FDF52CF6DE78003E7D44 /* catememoTests */,
			);
			name = catememoTests;
			packageProductDependencies = (
			);
			productName = catememoTests;
			productReference = AA07FDF22CF6DE78003E7D44 /* catememoTests.xctest */;
			productType = "com.apple.product-type.bundle.unit-test";
		};
		AA07FDFB2CF6DE78003E7D44 /* catememoUITests */ = {
			isa = PBXNativeTarget;
			buildConfigurationList = AA07FE0C2CF6DE78003E7D44 /* Build configuration list for PBXNativeTarget "catememoUITests" */;
			buildPhases = (
				AA07FDF82CF6DE78003E7D44 /* Sources */,
				AA07FDF92CF6DE78003E7D44 /* Frameworks */,
				AA07FDFA2CF6DE78003E7D44 /* Resources */,
			);
			buildRules = (
			);
			dependencies = (
				AA07FDFE2CF6DE78003E7D44 /* PBXTargetDependency */,
			);
			fileSystemSynchronizedGroups = (
				AA07FDFF2CF6DE78003E7D44 /* catememoUITests */,
			);
			name = catememoUITests;
			packageProductDependencies = (
			);
			productName = catememoUITests;
			productReference = AA07FDFC2CF6DE78003E7D44 /* catememoUITests.xctest */;
			productType = "com.apple.product-type.bundle.ui-testing";
		};
/* End PBXNativeTarget section */

/* Begin PBXProject section */
		AA07FDD82CF6DE77003E7D44 /* Project object */ = {
			isa = PBXProject;
			attributes = {
				BuildIndependentTargetsInParallel = 1;
				LastSwiftUpdateCheck = 1610;
				LastUpgradeCheck = 1610;
				TargetAttributes = {
					AA07FDDF2CF6DE77003E7D44 = {
						CreatedOnToolsVersion = 16.1;
					};
					AA07FDF12CF6DE78003E7D44 = {
						CreatedOnToolsVersion = 16.1;
						TestTargetID = AA07FDDF2CF6DE77003E7D44;
					};
					AA07FDFB2CF6DE78003E7D44 = {
						CreatedOnToolsVersion = 16.1;
						TestTargetID = AA07FDDF2CF6DE77003E7D44;
					};
				};
			};
			buildConfigurationList = AA07FDDB2CF6DE77003E7D44 /* Build configuration list for PBXProject "catememo" */;
			developmentRegion = en;
			hasScannedForEncodings = 0;
			knownRegions = (
				en,
				Base,
			);
			mainGroup = AA07FDD72CF6DE77003E7D44;
			minimizedProjectReferenceProxies = 1;
			preferredProjectObjectVersion = 77;
			productRefGroup = AA07FDE12CF6DE77003E7D44 /* Products */;
			projectDirPath = "";
			projectRoot = "";
			targets = (
				AA07FDDF2CF6DE77003E7D44 /* catememo */,
				AA07FDF12CF6DE78003E7D44 /* catememoTests */,
				AA07FDFB2CF6DE78003E7D44 /* catememoUITests */,
			);
		};
/* End PBXProject section */

/* Begin PBXResourcesBuildPhase section */
		AA07FDDE2CF6DE77003E7D44 /* Resources */ = {
			isa = PBXResourcesBuildPhase;
			buildActionMask = 2147483647;
			files = (
			);
			runOnlyForDeploymentPostprocessing = 0;
		};
		AA07FDF02CF6DE78003E7D44 /* Resources */ = {
			isa = PBXResourcesBuildPhase;
			buildActionMask = 2147483647;
			files = (
			);
			runOnlyForDeploymentPostprocessing = 0;
		};
		AA07FDFA2CF6DE78003E7D44 /* Resources */ = {
			isa = PBXResourcesBuildPhase;
			buildActionMask = 2147483647;
			files = (
			);
			runOnlyForDeploymentPostprocessing = 0;
		};
/* End PBXResourcesBuildPhase section */

/* Begin PBXSourcesBuildPhase section */
		AA07FDDC2CF6DE77003E7D44 /* Sources */ = {
			isa = PBXSourcesBuildPhase;
			buildActionMask = 2147483647;
			files = (
			);
			runOnlyForDeploymentPostprocessing = 0;
		};
		AA07FDEE2CF6DE78003E7D44 /* Sources */ = {
			isa = PBXSourcesBuildPhase;
			buildActionMask = 2147483647;
			files = (
			);
			runOnlyForDeploymentPostprocessing = 0;
		};
		AA07FDF82CF6DE78003E7D44 /* Sources */ = {
			isa = PBXSourcesBuildPhase;
			buildActionMask = 2147483647;
			files = (
			);
			runOnlyForDeploymentPostprocessing = 0;
		};
/* End PBXSourcesBuildPhase section */

/* Begin PBXTargetDependency section */
		AA07FDF42CF6DE78003E7D44 /* PBXTargetDependency */ = {
			isa = PBXTargetDependency;
			target = AA07FDDF2CF6DE77003E7D44 /* catememo */;
			targetProxy = AA07FDF32CF6DE78003E7D44 /* PBXContainerItemProxy */;
		};
		AA07FDFE2CF6DE78003E7D44 /* PBXTargetDependency */ = {
			isa = PBXTargetDependency;
			target = AA07FDDF2CF6DE77003E7D44 /* catememo */;
			targetProxy = AA07FDFD2CF6DE78003E7D44 /* PBXContainerItemProxy */;
		};
/* End PBXTargetDependency section */

/* Begin XCBuildConfiguration section */
		AA07FE042CF6DE78003E7D44 /* Debug */ = {
			isa = XCBuildConfiguration;
			buildSettings = {
				ALWAYS_SEARCH_USER_PATHS = NO;
				ASSETCATALOG_COMPILER_GENERATE_SWIFT_ASSET_SYMBOL_EXTENSIONS = YES;
				CLANG_ANALYZER_NONNULL = YES;
				CLANG_ANALYZER_NUMBER_OBJECT_CONVERSION = YES_AGGRESSIVE;
				CLANG_CXX_LANGUAGE_STANDARD = "gnu++20";
				CLANG_ENABLE_MODULES = YES;
				CLANG_ENABLE_OBJC_ARC = YES;
				CLANG_ENABLE_OBJC_WEAK = YES;
				CLANG_WARN_BLOCK_CAPTURE_AUTORELEASING = YES;
				CLANG_WARN_BOOL_CONVERSION = YES;
				CLANG_WARN_COMMA = YES;
				CLANG_WARN_CONSTANT_CONVERSION = YES;
				CLANG_WARN_DEPRECATED_OBJC_IMPLEMENTATIONS = YES;
				CLANG_WARN_DIRECT_OBJC_ISA_USAGE = YES_ERROR;
				CLANG_WARN_DOCUMENTATION_COMMENTS = YES;
				CLANG_WARN_EMPTY_BODY = YES;
				CLANG_WARN_ENUM_CONVERSION = YES;
				CLANG_WARN_INFINITE_RECURSION = YES;
				CLANG_WARN_INT_CONVERSION = YES;
				CLANG_WARN_NON_LITERAL_NULL_CONVERSION = YES;
				CLANG_WARN_OBJC_IMPLICIT_RETAIN_SELF = YES;
				CLANG_WARN_OBJC_LITERAL_CONVERSION = YES;
				CLANG_WARN_OBJC_ROOT_CLASS = YES_ERROR;
				CLANG_WARN_QUOTED_INCLUDE_IN_FRAMEWORK_HEADER = YES;
				CLANG_WARN_RANGE_LOOP_ANALYSIS = YES;
				CLANG_WARN_STRICT_PROTOTYPES = YES;
				CLANG_WARN_SUSPICIOUS_MOVE = YES;
				CLANG_WARN_UNGUARDED_AVAILABILITY = YES_AGGRESSIVE;
				CLANG_WARN_UNREACHABLE_CODE = YES;
				CLANG_WARN__DUPLICATE_METHOD_MATCH = YES;
				COPY_PHASE_STRIP = NO;
				DEBUG_INFORMATION_FORMAT = dwarf;
				ENABLE_STRICT_OBJC_MSGSEND = YES;
				ENABLE_TESTABILITY = YES;
				ENABLE_USER_SCRIPT_SANDBOXING = YES;
				GCC_C_LANGUAGE_STANDARD = gnu17;
				GCC_DYNAMIC_NO_PIC = NO;
				GCC_NO_COMMON_BLOCKS = YES;
				GCC_OPTIMIZATION_LEVEL = 0;
				GCC_PREPROCESSOR_DEFINITIONS = (
					"DEBUG=1",
					"$(inherited)",
				);
				GCC_WARN_64_TO_32_BIT_CONVERSION = YES;
				GCC_WARN_ABOUT_RETURN_TYPE = YES_ERROR;
				GCC_WARN_UNDECLARED_SELECTOR = YES;
				GCC_WARN_UNINITIALIZED_AUTOS = YES_AGGRESSIVE;
				GCC_WARN_UNUSED_FUNCTION = YES;
				GCC_WARN_UNUSED_VARIABLE = YES;
				IPHONEOS_DEPLOYMENT_TARGET = 18.0;
				LOCALIZATION_PREFERS_STRING_CATALOGS = YES;
				MTL_ENABLE_DEBUG_INFO = INCLUDE_SOURCE;
				MTL_FAST_MATH = YES;
				ONLY_ACTIVE_ARCH = YES;
				SDKROOT = iphoneos;
				SWIFT_ACTIVE_COMPILATION_CONDITIONS = "DEBUG $(inherited)";
				SWIFT_OPTIMIZATION_LEVEL = "-Onone";
			};
			name = Debug;
		};
		AA07FE052CF6DE78003E7D44 /* Release */ = {
			isa = XCBuildConfiguration;
			buildSettings = {
				ALWAYS_SEARCH_USER_PATHS = NO;
				ASSETCATALOG_COMPILER_GENERATE_SWIFT_ASSET_SYMBOL_EXTENSIONS = YES;
				CLANG_ANALYZER_NONNULL = YES;
				CLANG_ANALYZER_NUMBER_OBJECT_CONVERSION = YES_AGGRESSIVE;
				CLANG_CXX_LANGUAGE_STANDARD = "gnu++20";
				CLANG_ENABLE_MODULES = YES;
				CLANG_ENABLE_OBJC_ARC = YES;
				CLANG_ENABLE_OBJC_WEAK = YES;
				CLANG_WARN_BLOCK_CAPTURE_AUTORELEASING = YES;
				CLANG_WARN_BOOL_CONVERSION = YES;
				CLANG_WARN_COMMA = YES;
				CLANG_WARN_CONSTANT_CONVERSION = YES;
				CLANG_WARN_DEPRECATED_OBJC_IMPLEMENTATIONS = YES;
				CLANG_WARN_DIRECT_OBJC_ISA_USAGE = YES_ERROR;
				CLANG_WARN_DOCUMENTATION_COMMENTS = YES;
				CLANG_WARN_EMPTY_BODY = YES;
				CLANG_WARN_ENUM_CONVERSION = YES;
				CLANG_WARN_INFINITE_RECURSION = YES;
				CLANG_WARN_INT_CONVERSION = YES;
				CLANG_WARN_NON_LITERAL_NULL_CONVERSION = YES;
				CLANG_WARN_OBJC_IMPLICIT_RETAIN_SELF = YES;
				CLANG_WARN_OBJC_LITERAL_CONVERSION = YES;
				CLANG_WARN_OBJC_ROOT_CLASS = YES_ERROR;
				CLANG_WARN_QUOTED_INCLUDE_IN_FRAMEWORK_HEADER = YES;
				CLANG_WARN_RANGE_LOOP_ANALYSIS = YES;
				CLANG_WARN_STRICT_PROTOTYPES = YES;
				CLANG_WARN_SUSPICIOUS_MOVE = YES;
				CLANG_WARN_UNGUARDED_AVAILABILITY = YES_AGGRESSIVE;
				CLANG_WARN_UNREACHABLE_CODE = YES;
				CLANG_WARN__DUPLICATE_METHOD_MATCH = YES;
				COPY_PHASE_STRIP = NO;
				DEBUG_INFORMATION_FORMAT = "dwarf-with-dsym";
				ENABLE_NS_ASSERTIONS = NO;
				ENABLE_STRICT_OBJC_MSGSEND = YES;
				ENABLE_USER_SCRIPT_SANDBOXING = YES;
				GCC_C_LANGUAGE_STANDARD = gnu17;
				GCC_NO_COMMON_BLOCKS = YES;
				GCC_WARN_64_TO_32_BIT_CONVERSION = YES;
				GCC_WARN_ABOUT_RETURN_TYPE = YES_ERROR;
				GCC_WARN_UNDECLARED_SELECTOR = YES;
				GCC_WARN_UNINITIALIZED_AUTOS = YES_AGGRESSIVE;
				GCC_WARN_UNUSED_FUNCTION = YES;
				GCC_WARN_UNUSED_VARIABLE = YES;
				IPHONEOS_DEPLOYMENT_TARGET = 18.0;
				LOCALIZATION_PREFERS_STRING_CATALOGS = YES;
				MTL_ENABLE_DEBUG_INFO = NO;
				MTL_FAST_MATH = YES;
				SDKROOT = iphoneos;
				SWIFT_COMPILATION_MODE = wholemodule;
				VALIDATE_PRODUCT = YES;
			};
			name = Release;
		};
		AA07FE072CF6DE78003E7D44 /* Debug */ = {
			isa = XCBuildConfiguration;
			buildSettings = {
				ASSETCATALOG_COMPILER_APPICON_NAME = AppIcon;
				ASSETCATALOG_COMPILER_GLOBAL_ACCENT_COLOR_NAME = AccentColor;
				CODE_SIGN_STYLE = Automatic;
				CURRENT_PROJECT_VERSION = 1;
				DEVELOPMENT_ASSET_PATHS = "\"catememo/Preview Content\"";
				DEVELOPMENT_TEAM = BR5QU5M7GT;
				ENABLE_PREVIEWS = YES;
				GENERATE_INFOPLIST_FILE = YES;
				INFOPLIST_KEY_UIApplicationSceneManifest_Generation = YES;
				INFOPLIST_KEY_UIApplicationSupportsIndirectInputEvents = YES;
				INFOPLIST_KEY_UILaunchScreen_Generation = YES;
				INFOPLIST_KEY_UISupportedInterfaceOrientations_iPad = "UIInterfaceOrientationPortrait UIInterfaceOrientationPortraitUpsideDown UIInterfaceOrientationLandscapeLeft UIInterfaceOrientationLandscapeRight";
				INFOPLIST_KEY_UISupportedInterfaceOrientations_iPhone = "UIInterfaceOrientationPortrait UIInterfaceOrientationLandscapeLeft UIInterfaceOrientationLandscapeRight";
				IPHONEOS_DEPLOYMENT_TARGET = 18.0;
				LD_RUNPATH_SEARCH_PATHS = (
					"$(inherited)",
					"@executable_path/Frameworks",
				);
				MARKETING_VERSION = 1.0;
				PRODUCT_BUNDLE_IDENTIFIER = memo.catememo;
				PRODUCT_NAME = "$(TARGET_NAME)";
				SWIFT_EMIT_LOC_STRINGS = YES;
				SWIFT_VERSION = 5.0;
				TARGETED_DEVICE_FAMILY = "1,2";
			};
			name = Debug;
		};
		AA07FE082CF6DE78003E7D44 /* Release */ = {
			isa = XCBuildConfiguration;
			buildSettings = {
				ASSETCATALOG_COMPILER_APPICON_NAME = AppIcon;
				ASSETCATALOG_COMPILER_GLOBAL_ACCENT_COLOR_NAME = AccentColor;
				CODE_SIGN_STYLE = Automatic;
				CURRENT_PROJECT_VERSION = 1;
				DEVELOPMENT_ASSET_PATHS = "\"catememo/Preview Content\"";
				DEVELOPMENT_TEAM = BR5QU5M7GT;
				ENABLE_PREVIEWS = YES;
				GENERATE_INFOPLIST_FILE = YES;
				INFOPLIST_KEY_UIApplicationSceneManifest_Generation = YES;
				INFOPLIST_KEY_UIApplicationSupportsIndirectInputEvents = YES;
				INFOPLIST_KEY_UILaunchScreen_Generation = YES;
				INFOPLIST_KEY_UISupportedInterfaceOrientations_iPad = "UIInterfaceOrientationPortrait UIInterfaceOrientationPortraitUpsideDown UIInterfaceOrientationLandscapeLeft UIInterfaceOrientationLandscapeRight";
				INFOPLIST_KEY_UISupportedInterfaceOrientations_iPhone = "UIInterfaceOrientationPortrait UIInterfaceOrientationLandscapeLeft UIInterfaceOrientationLandscapeRight";
				IPHONEOS_DEPLOYMENT_TARGET = 18.0;
				LD_RUNPATH_SEARCH_PATHS = (
					"$(inherited)",
					"@executable_path/Frameworks",
				);
				MARKETING_VERSION = 1.0;
				PRODUCT_BUNDLE_IDENTIFIER = memo.catememo;
				PRODUCT_NAME = "$(TARGET_NAME)";
				SWIFT_EMIT_LOC_STRINGS = YES;
				SWIFT_VERSION = 5.0;
				TARGETED_DEVICE_FAMILY = "1,2";
			};
			name = Release;
		};
		AA07FE0A2CF6DE78003E7D44 /* Debug */ = {
			isa = XCBuildConfiguration;
			buildSettings = {
				BUNDLE_LOADER = "$(TEST_HOST)";
				CODE_SIGN_STYLE = Automatic;
				CURRENT_PROJECT_VERSION = 1;
				DEVELOPMENT_TEAM = BR5QU5M7GT;
				GENERATE_INFOPLIST_FILE = YES;
				IPHONEOS_DEPLOYMENT_TARGET = 18.1;
				MARKETING_VERSION = 1.0;
				PRODUCT_BUNDLE_IDENTIFIER = memo.catememoTests;
				PRODUCT_NAME = "$(TARGET_NAME)";
				SWIFT_EMIT_LOC_STRINGS = NO;
				SWIFT_VERSION = 5.0;
				TARGETED_DEVICE_FAMILY = "1,2";
				TEST_HOST = "$(BUILT_PRODUCTS_DIR)/catememo.app/$(BUNDLE_EXECUTABLE_FOLDER_PATH)/catememo";
			};
			name = Debug;
		};
		AA07FE0B2CF6DE78003E7D44 /* Release */ = {
			isa = XCBuildConfiguration;
			buildSettings = {
				BUNDLE_LOADER = "$(TEST_HOST)";
				CODE_SIGN_STYLE = Automatic;
				CURRENT_PROJECT_VERSION = 1;
				DEVELOPMENT_TEAM = BR5QU5M7GT;
				GENERATE_INFOPLIST_FILE = YES;
				IPHONEOS_DEPLOYMENT_TARGET = 18.1;
				MARKETING_VERSION = 1.0;
				PRODUCT_BUNDLE_IDENTIFIER = memo.catememoTests;
				PRODUCT_NAME = "$(TARGET_NAME)";
				SWIFT_EMIT_LOC_STRINGS = NO;
				SWIFT_VERSION = 5.0;
				TARGETED_DEVICE_FAMILY = "1,2";
				TEST_HOST = "$(BUILT_PRODUCTS_DIR)/catememo.app/$(BUNDLE_EXECUTABLE_FOLDER_PATH)/catememo";
			};
			name = Release;
		};
		AA07FE0D2CF6DE78003E7D44 /* Debug */ = {
			isa = XCBuildConfiguration;
			buildSettings = {
				CODE_SIGN_STYLE = Automatic;
				CURRENT_PROJECT_VERSION = 1;
				DEVELOPMENT_TEAM = BR5QU5M7GT;
				GENERATE_INFOPLIST_FILE = YES;
				MARKETING_VERSION = 1.0;
				PRODUCT_BUNDLE_IDENTIFIER = memo.catememoUITests;
				PRODUCT_NAME = "$(TARGET_NAME)";
				SWIFT_EMIT_LOC_STRINGS = NO;
				SWIFT_VERSION = 5.0;
				TARGETED_DEVICE_FAMILY = "1,2";
				TEST_TARGET_NAME = catememo;
			};
			name = Debug;
		};
		AA07FE0E2CF6DE78003E7D44 /* Release */ = {
			isa = XCBuildConfiguration;
			buildSettings = {
				CODE_SIGN_STYLE = Automatic;
				CURRENT_PROJECT_VERSION = 1;
				DEVELOPMENT_TEAM = BR5QU5M7GT;
				GENERATE_INFOPLIST_FILE = YES;
				MARKETING_VERSION = 1.0;
				PRODUCT_BUNDLE_IDENTIFIER = memo.catememoUITests;
				PRODUCT_NAME = "$(TARGET_NAME)";
				SWIFT_EMIT_LOC_STRINGS = NO;
				SWIFT_VERSION = 5.0;
				TARGETED_DEVICE_FAMILY = "1,2";
				TEST_TARGET_NAME = catememo;
			};
			name = Release;
		};
/* End XCBuildConfiguration section */

/* Begin XCConfigurationList section */
		AA07FDDB2CF6DE77003E7D44 /* Build configuration list for PBXProject "catememo" */ = {
			isa = XCConfigurationList;
			buildConfigurations = (
				AA07FE042CF6DE78003E7D44 /* Debug */,
				AA07FE052CF6DE78003E7D44 /* Release */,
			);
			defaultConfigurationIsVisible = 0;
			defaultConfigurationName = Release;
		};
		AA07FE062CF6DE78003E7D44 /* Build configuration list for PBXNativeTarget "catememo" */ = {
			isa = XCConfigurationList;
			buildConfigurations = (
				AA07FE072CF6DE78003E7D44 /* Debug */,
				AA07FE082CF6DE78003E7D44 /* Release */,
			);
			defaultConfigurationIsVisible = 0;
			defaultConfigurationName = Release;
		};
		AA07FE092CF6DE78003E7D44 /* Build configuration list for PBXNativeTarget "catememoTests" */ = {
			isa = XCConfigurationList;
			buildConfigurations = (
				AA07FE0A2CF6DE78003E7D44 /* Debug */,
				AA07FE0B2CF6DE78003E7D44 /* Release */,
			);
			defaultConfigurationIsVisible = 0;
			defaultConfigurationName = Release;
		};
		AA07FE0C2CF6DE78003E7D44 /* Build configuration list for PBXNativeTarget "catememoUITests" */ = {
			isa = XCConfigurationList;
			buildConfigurations = (
				AA07FE0D2CF6DE78003E7D44 /* Debug */,
				AA07FE0E2CF6DE78003E7D44 /* Release */,
			);
			defaultConfigurationIsVisible = 0;
			defaultConfigurationName = Release;
		};
/* End XCConfigurationList section */
	};
	rootObject = AA07FDD82CF6DE77003E7D44 /* Project object */;
}
